
Microsoft Visual Studio Solution File, Format Version 12.00
# Visual Studio Version 17
VisualStudioVersion = 17.8.34408.163
MinimumVisualStudioVersion = 10.0.40219.1
Project("{FAE04EC0-301F-11D3-BF4B-00C04F79EFBC}") = "MayTheFourth", "MayTheFourth\MayTheFourth.csproj", "{BA70C657-9244-4B7F-93BA-CC3A28CCB652}"
EndProject
Global
	GlobalSection(SolutionConfigurationPlatforms) = preSolution
		Debug|Any CPU = Debug|Any CPU
		Release|Any CPU = Release|Any CPU
	EndGlobalSection
	GlobalSection(ProjectConfigurationPlatforms) = postSolution
		{BA70C657-9244-4B7F-93BA-CC3A28CCB652}.Debug|Any CPU.ActiveCfg = Debug|Any CPU
		{BA70C657-9244-4B7F-93BA-CC3A28CCB652}.Debug|Any CPU.Build.0 = Debug|Any CPU
		{BA70C657-9244-4B7F-93BA-CC3A28CCB652}.Release|Any CPU.ActiveCfg = Release|Any CPU
		{BA70C657-9244-4B7F-93BA-CC3A28CCB652}.Release|Any CPU.Build.0 = Release|Any CPU
	EndGlobalSection
	GlobalSection(SolutionProperties) = preSolution
		HideSolutionNode = FALSE
	EndGlobalSection
	GlobalSection(ExtensibilityGlobals) = postSolution
		SolutionGuid = {93005404-7880-4746-AB41-6FC6A184F4A0}
	EndGlobalSection
EndGlobal
