
Microsoft Visual Studio Solution File, Format Version 12.00
# Visual Studio Version 17
VisualStudioVersion = 17.9.34728.123
MinimumVisualStudioVersion = 10.0.40219.1
Project("{FAE04EC0-301F-11D3-BF4B-00C04F79EFBC}") = "StarisApi", "StarisApi.csproj", "{0CF28FF3-7D96-49FF-A4E3-E2317713DBCC}"
EndProject
Global
	GlobalSection(SolutionConfigurationPlatforms) = preSolution
		Debug|Any CPU = Debug|Any CPU
		Release|Any CPU = Release|Any CPU
	EndGlobalSection
	GlobalSection(ProjectConfigurationPlatforms) = postSolution
		{0CF28FF3-7D96-49FF-A4E3-E2317713DBCC}.Debug|Any CPU.ActiveCfg = Debug|Any CPU
		{0CF28FF3-7D96-49FF-A4E3-E2317713DBCC}.Debug|Any CPU.Build.0 = Debug|Any CPU
		{0CF28FF3-7D96-49FF-A4E3-E2317713DBCC}.Release|Any CPU.ActiveCfg = Release|Any CPU
		{0CF28FF3-7D96-49FF-A4E3-E2317713DBCC}.Release|Any CPU.Build.0 = Release|Any CPU
	EndGlobalSection
	GlobalSection(SolutionProperties) = preSolution
		HideSolutionNode = FALSE
	EndGlobalSection
	GlobalSection(ExtensibilityGlobals) = postSolution
		SolutionGuid = {68084939-BF10-4267-B0DB-62345C84FB38}
	EndGlobalSection
EndGlobal
